{
  "version": 4,
  "terraform_version": "1.9.8",
  "serial": 108,
  "lineage": "d36f3e0a-e249-68a2-1436-613af797d7b5",
  "outputs": {},
  "resources": [
    {
      "mode": "data",
      "type": "keycloak_role",
      "name": "default_realm_role",
      "provider": "provider[\"registry.terraform.io/mrparkers/keycloak\"]",
      "instances": [
        {
          "schema_version": 0,
          "attributes": {
            "attributes": {},
            "client_id": "",
            "composite_roles": [],
            "description": "${role_default-roles}",
            "id": "96f547ae-9c60-4a23-a05c-b79d7b35efa7",
            "name": "default-roles-wealth-bank",
            "realm_id": "wealth-bank"
          },
          "sensitive_attributes": []
        }
      ]
    },
    {
      "mode": "managed",
      "type": "keycloak_openid_client",
      "name": "example_react_fe_client",
      "provider": "provider[\"registry.terraform.io/mrparkers/keycloak\"]",
      "instances": [
        {
          "schema_version": 0,
          "attributes": {
            "access_token_lifespan": "",
            "access_type": "PUBLIC",
            "admin_url": "",
            "authentication_flow_binding_overrides": [],
            "authorization": [],
            "backchannel_logout_revoke_offline_sessions": false,
            "backchannel_logout_session_required": true,
            "backchannel_logout_url": "",
            "base_url": "http://localhost:3000",
            "client_authenticator_type": "client-secret",
            "client_id": "example-react-fe",
            "client_offline_session_idle_timeout": "",
            "client_offline_session_max_lifespan": "",
            "client_secret": "",
            "client_session_idle_timeout": "",
            "client_session_max_lifespan": "",
            "consent_required": false,
            "consent_screen_text": "",
            "description": "",
            "direct_access_grants_enabled": true,
            "display_on_consent_screen": false,
            "enabled": true,
            "exclude_session_state_from_auth_response": null,
            "extra_config": null,
            "frontchannel_logout_enabled": false,
            "frontchannel_logout_url": "",
            "full_scope_allowed": true,
            "id": "88efa02d-6f19-4662-acb8-211a08fffd0d",
            "implicit_flow_enabled": false,
            "import": false,
            "login_theme": "",
            "name": "example-react-fe",
            "oauth2_device_authorization_grant_enabled": false,
            "oauth2_device_code_lifespan": "",
            "oauth2_device_polling_interval": "",
            "pkce_code_challenge_method": null,
            "realm_id": "wealth-bank",
            "resource_server_id": null,
            "root_url": "",
            "service_account_user_id": "",
            "service_accounts_enabled": false,
            "standard_flow_enabled": true,
            "use_refresh_tokens": true,
            "use_refresh_tokens_client_credentials": false,
            "valid_post_logout_redirect_uris": [],
            "valid_redirect_uris": [
              "*"
            ],
            "web_origins": [
              "*"
            ]
          },
          "sensitive_attributes": [
            [
              {
                "type": "get_attr",
                "value": "client_secret"
              }
            ]
          ],
          "private": "bnVsbA==",
          "dependencies": [
            "keycloak_realm.realm"
          ]
        }
      ]
    },
    {
      "mode": "managed",
      "type": "keycloak_openid_client",
      "name": "fe_api_client",
      "provider": "provider[\"registry.terraform.io/mrparkers/keycloak\"]",
      "instances": [
        {
          "schema_version": 0,
          "attributes": {
            "access_token_lifespan": "",
            "access_type": "CONFIDENTIAL",
            "admin_url": "",
            "authentication_flow_binding_overrides": [],
            "authorization": [
              {
                "allow_remote_resource_management": false,
                "decision_strategy": "UNANIMOUS",
                "keep_defaults": false,
                "policy_enforcement_mode": "PERMISSIVE"
              }
            ],
            "backchannel_logout_revoke_offline_sessions": false,
            "backchannel_logout_session_required": true,
            "backchannel_logout_url": "",
            "base_url": "http://localhost:3001",
            "client_authenticator_type": "client-secret",
            "client_id": "fe-api",
            "client_offline_session_idle_timeout": "",
            "client_offline_session_max_lifespan": "",
            "client_secret": "EVFAbA6VkB8nli25nTrXjuQUFaxFKSe3",
            "client_session_idle_timeout": "",
            "client_session_max_lifespan": "",
            "consent_required": false,
            "consent_screen_text": "",
            "description": "",
            "direct_access_grants_enabled": false,
            "display_on_consent_screen": false,
            "enabled": true,
            "exclude_session_state_from_auth_response": null,
            "extra_config": null,
            "frontchannel_logout_enabled": false,
            "frontchannel_logout_url": "",
            "full_scope_allowed": true,
            "id": "8a7c7d25-5e5d-4ef4-a691-d5f67d43549e",
            "implicit_flow_enabled": false,
            "import": false,
            "login_theme": "",
            "name": "fe-api",
            "oauth2_device_authorization_grant_enabled": false,
            "oauth2_device_code_lifespan": "",
            "oauth2_device_polling_interval": "",
            "pkce_code_challenge_method": null,
            "realm_id": "wealth-bank",
            "resource_server_id": "8a7c7d25-5e5d-4ef4-a691-d5f67d43549e",
            "root_url": "",
            "service_account_user_id": "0e14c3ca-fc47-44d1-a63f-db8e8b06417b",
            "service_accounts_enabled": true,
            "standard_flow_enabled": false,
            "use_refresh_tokens": true,
            "use_refresh_tokens_client_credentials": false,
            "valid_post_logout_redirect_uris": [],
            "valid_redirect_uris": [],
            "web_origins": []
          },
          "sensitive_attributes": [
            [
              {
                "type": "get_attr",
                "value": "client_secret"
              }
            ]
          ],
          "private": "bnVsbA==",
          "dependencies": [
            "keycloak_realm.realm"
          ]
        }
      ]
    },
    {
      "mode": "managed",
      "type": "keycloak_realm",
      "name": "realm",
      "provider": "provider[\"registry.terraform.io/mrparkers/keycloak\"]",
      "instances": [
        {
          "schema_version": 0,
          "attributes": {
            "access_code_lifespan": "1h0m0s",
            "access_code_lifespan_login": "30m0s",
            "access_code_lifespan_user_action": "5m0s",
            "access_token_lifespan": "5m0s",
            "access_token_lifespan_for_implicit_flow": "15m0s",
            "account_theme": "base",
            "action_token_generated_by_admin_lifespan": "12h0m0s",
            "action_token_generated_by_user_lifespan": "5m0s",
            "admin_theme": "base",
            "attributes": null,
            "browser_flow": "browser",
            "client_authentication_flow": "clients",
            "client_session_idle_timeout": "0s",
            "client_session_max_lifespan": "0s",
            "default_default_client_scopes": null,
            "default_optional_client_scopes": null,
            "default_signature_algorithm": "RS256",
            "direct_grant_flow": "direct grant",
            "display_name": "Wealth Bank",
            "display_name_html": "\u003cb\u003eWealth Bank\u003c/b\u003e",
            "docker_authentication_flow": "docker auth",
            "duplicate_emails_allowed": false,
            "edit_username_allowed": false,
            "email_theme": "base",
            "enabled": true,
            "id": "wealth-bank",
            "internal_id": "wealth-bank",
            "internationalization": [
              {
                "default_locale": "en",
                "supported_locales": [
                  "en"
                ]
              }
            ],
            "login_theme": "keycloak",
            "login_with_email_allowed": true,
            "oauth2_device_code_lifespan": "10m0s",
            "oauth2_device_polling_interval": 5,
            "offline_session_idle_timeout": "720h0m0s",
            "offline_session_max_lifespan": "1440h0m0s",
            "offline_session_max_lifespan_enabled": false,
            "otp_policy": [
              {
                "algorithm": "HmacSHA1",
                "digits": 6,
                "initial_counter": 0,
                "look_ahead_window": 1,
                "period": 30,
                "type": "totp"
              }
            ],
            "password_policy": "upperCase(1) and length(8) and forceExpiredPasswordChange(365) and notUsername",
            "realm": "wealth-bank",
            "refresh_token_max_reuse": 0,
            "registration_allowed": true,
            "registration_email_as_username": true,
            "registration_flow": "registration",
            "remember_me": true,
            "reset_credentials_flow": "reset credentials",
            "reset_password_allowed": true,
            "revoke_refresh_token": false,
            "security_defenses": [
              {
                "brute_force_detection": [
                  {
                    "failure_reset_time_seconds": 43200,
                    "max_failure_wait_seconds": 900,
                    "max_login_failures": 5,
                    "minimum_quick_login_wait_seconds": 60,
                    "permanent_lockout": false,
                    "quick_login_check_milli_seconds": 1000,
                    "wait_increment_seconds": 60
                  }
                ],
                "headers": [
                  {
                    "content_security_policy": "frame-src 'self'; frame-ancestors 'self'; object-src 'none';",
                    "content_security_policy_report_only": "",
                    "referrer_policy": "no-referrer",
                    "strict_transport_security": "max-age=31536000; includeSubDomains",
                    "x_content_type_options": "nosniff",
                    "x_frame_options": "SAMEORIGIN",
                    "x_robots_tag": "none",
                    "x_xss_protection": "1; mode=block"
                  }
                ]
              }
            ],
            "smtp_server": [],
            "ssl_required": "external",
            "sso_session_idle_timeout": "30m0s",
            "sso_session_idle_timeout_remember_me": "0s",
            "sso_session_max_lifespan": "10h0m0s",
            "sso_session_max_lifespan_remember_me": "0s",
            "user_managed_access": false,
            "verify_email": false,
            "web_authn_passwordless_policy": [
              {
                "acceptable_aaguids": [],
                "attestation_conveyance_preference": "not specified",
                "authenticator_attachment": "not specified",
                "avoid_same_authenticator_register": false,
                "create_timeout": 0,
                "relying_party_entity_name": "keycloak",
                "relying_party_id": "",
                "require_resident_key": "not specified",
                "signature_algorithms": [
                  "ES256"
                ],
                "user_verification_requirement": "not specified"
              }
            ],
            "web_authn_policy": [
              {
                "acceptable_aaguids": [],
                "attestation_conveyance_preference": "not specified",
                "authenticator_attachment": "not specified",
                "avoid_same_authenticator_register": false,
                "create_timeout": 0,
                "relying_party_entity_name": "keycloak",
                "relying_party_id": "",
                "require_resident_key": "not specified",
                "signature_algorithms": [
                  "ES256"
                ],
                "user_verification_requirement": "not specified"
              }
            ]
          },
          "sensitive_attributes": [],
          "private": "bnVsbA=="
        }
      ]
    },
    {
      "mode": "managed",
      "type": "keycloak_role",
      "name": "example_react_fe_customer_client_role",
      "provider": "provider[\"registry.terraform.io/mrparkers/keycloak\"]",
      "instances": [
        {
          "schema_version": 0,
          "attributes": {
            "attributes": null,
            "client_id": "88efa02d-6f19-4662-acb8-211a08fffd0d",
            "composite_roles": null,
            "description": "Wealth Bank Customer",
            "id": "0268bc99-3370-4ca6-a28d-c15bae7eee08",
            "name": "customer",
            "realm_id": "wealth-bank"
          },
          "sensitive_attributes": [],
          "private": "bnVsbA==",
          "dependencies": [
            "keycloak_openid_client.example_react_fe_client",
            "keycloak_realm.realm"
          ]
        }
      ]
    },
    {
      "mode": "managed",
      "type": "keycloak_role",
      "name": "example_react_fe_fraud_analyst_client_role",
      "provider": "provider[\"registry.terraform.io/mrparkers/keycloak\"]",
      "instances": [
        {
          "schema_version": 0,
          "attributes": {
            "attributes": null,
            "client_id": "88efa02d-6f19-4662-acb8-211a08fffd0d",
            "composite_roles": null,
            "description": "Wealth Bank Fraud Analyst",
            "id": "4d9fa5c9-7c7b-4083-84cf-57c97c267bf3",
            "name": "fraud-analyst",
            "realm_id": "wealth-bank"
          },
          "sensitive_attributes": [],
          "private": "bnVsbA==",
          "dependencies": [
            "keycloak_openid_client.example_react_fe_client",
            "keycloak_realm.realm"
          ]
        }
      ]
    },
    {
      "mode": "managed",
      "type": "keycloak_role",
      "name": "fe_api_client_customer_client_role",
      "provider": "provider[\"registry.terraform.io/mrparkers/keycloak\"]",
      "instances": [
        {
          "schema_version": 0,
          "attributes": {
            "attributes": null,
            "client_id": "8a7c7d25-5e5d-4ef4-a691-d5f67d43549e",
            "composite_roles": null,
            "description": "Wealth Bank Customer",
            "id": "d3053a5c-9f82-4aa4-b71b-d933e377bf85",
            "name": "customer",
            "realm_id": "wealth-bank"
          },
          "sensitive_attributes": [],
          "private": "bnVsbA==",
          "dependencies": [
            "keycloak_openid_client.fe_api_client",
            "keycloak_realm.realm"
          ]
        }
      ]
    },
    {
      "mode": "managed",
      "type": "keycloak_user",
      "name": "user_alice_with_password",
      "provider": "provider[\"registry.terraform.io/mrparkers/keycloak\"]",
      "instances": [
        {
          "schema_version": 0,
          "attributes": {
            "attributes": null,
            "email": "fraud@domain.com",
            "email_verified": false,
            "enabled": true,
            "federated_identity": [],
            "first_name": "Alice",
            "id": "b1a5abde-de31-4347-b327-2213f367b20e",
            "initial_password": [
              {
                "temporary": false,
                "value": "Password1!"
              }
            ],
            "last_name": "Alison",
            "realm_id": "wealth-bank",
            "required_actions": null,
            "username": "fraud@domain.com"
          },
          "sensitive_attributes": [
            [
              {
                "type": "get_attr",
                "value": "initial_password"
              },
              {
                "type": "index",
                "value": {
                  "value": 0,
                  "type": "number"
                }
              },
              {
                "type": "get_attr",
                "value": "value"
              }
            ]
          ],
          "private": "bnVsbA==",
          "dependencies": [
            "keycloak_realm.realm"
          ]
        }
      ]
    },
    {
      "mode": "managed",
      "type": "keycloak_user",
      "name": "user_bob_with_password",
      "provider": "provider[\"registry.terraform.io/mrparkers/keycloak\"]",
      "instances": [
        {
          "schema_version": 0,
          "attributes": {
            "attributes": null,
            "email": "bob@domain.com",
            "email_verified": false,
            "enabled": true,
            "federated_identity": [],
            "first_name": "Bob",
            "id": "b5c4cdc4-162f-48ac-8193-7f1803ac8e59",
            "initial_password": [
              {
                "temporary": false,
                "value": "Password1!"
              }
            ],
            "last_name": "Bobson",
            "realm_id": "wealth-bank",
            "required_actions": null,
            "username": "bob@domain.com"
          },
          "sensitive_attributes": [
            [
              {
                "type": "get_attr",
                "value": "initial_password"
              },
              {
                "type": "index",
                "value": {
                  "value": 0,
                  "type": "number"
                }
              },
              {
                "type": "get_attr",
                "value": "value"
              }
            ]
          ],
          "private": "bnVsbA==",
          "dependencies": [
            "keycloak_realm.realm"
          ]
        }
      ]
    },
    {
      "mode": "managed",
      "type": "keycloak_user_roles",
      "name": "user_alice_roles",
      "provider": "provider[\"registry.terraform.io/mrparkers/keycloak\"]",
      "instances": [
        {
          "schema_version": 0,
          "attributes": {
            "exhaustive": true,
            "id": "wealth-bank/b1a5abde-de31-4347-b327-2213f367b20e",
            "realm_id": "wealth-bank",
            "role_ids": [
              "4d9fa5c9-7c7b-4083-84cf-57c97c267bf3",
              "96f547ae-9c60-4a23-a05c-b79d7b35efa7"
            ],
            "user_id": "b1a5abde-de31-4347-b327-2213f367b20e"
          },
          "sensitive_attributes": [],
          "private": "bnVsbA==",
          "dependencies": [
            "data.keycloak_role.default_realm_role",
            "keycloak_openid_client.example_react_fe_client",
            "keycloak_realm.realm",
            "keycloak_role.example_react_fe_fraud_analyst_client_role",
            "keycloak_user.user_alice_with_password"
          ]
        }
      ]
    },
    {
      "mode": "managed",
      "type": "keycloak_user_roles",
      "name": "user_bob_roles",
      "provider": "provider[\"registry.terraform.io/mrparkers/keycloak\"]",
      "instances": [
        {
          "schema_version": 0,
          "attributes": {
            "exhaustive": true,
            "id": "wealth-bank/b5c4cdc4-162f-48ac-8193-7f1803ac8e59",
            "realm_id": "wealth-bank",
            "role_ids": [
              "0268bc99-3370-4ca6-a28d-c15bae7eee08",
              "96f547ae-9c60-4a23-a05c-b79d7b35efa7"
            ],
            "user_id": "b5c4cdc4-162f-48ac-8193-7f1803ac8e59"
          },
          "sensitive_attributes": [],
          "private": "bnVsbA==",
          "dependencies": [
            "data.keycloak_role.default_realm_role",
            "keycloak_openid_client.example_react_fe_client",
            "keycloak_realm.realm",
            "keycloak_role.example_react_fe_customer_client_role",
            "keycloak_user.user_bob_with_password"
          ]
        }
      ]
    }
  ],
  "check_results": null
}
