{
  "version": 4,
  "terraform_version": "0.15.4",
  "serial": 104,
  "lineage": "8c709be8-e64e-561d-3b4c-a55656a987a7",
  "outputs": {},
  "resources": [
    {
      "mode": "data",
      "type": "keycloak_role",
      "name": "default_realm_role",
      "provider": "provider[\"registry.terraform.io/mrparkers/keycloak\"]",
      "instances": [
        {
          "schema_version": 0,
          "attributes": {
            "attributes": {},
            "client_id": "",
            "composite_roles": [],
            "description": "${role_default-roles}",
            "id": "0cd8d21e-ae87-412c-afda-751fda8b89e7",
            "name": "default-roles-wealth-bank",
            "realm_id": "wealth-bank"
          },
          "sensitive_attributes": []
        }
      ]
    },
    {
      "mode": "managed",
      "type": "keycloak_openid_client",
      "name": "example_react_fe_client",
      "provider": "provider[\"registry.terraform.io/mrparkers/keycloak\"]",
      "instances": [
        {
          "schema_version": 0,
          "attributes": {
            "access_token_lifespan": "",
            "access_type": "PUBLIC",
            "admin_url": "",
            "authentication_flow_binding_overrides": [],
            "authorization": [],
            "backchannel_logout_revoke_offline_sessions": false,
            "backchannel_logout_session_required": true,
            "backchannel_logout_url": "",
            "base_url": "http://localhost:3000",
            "client_id": "example-react-fe",
            "client_offline_session_idle_timeout": "",
            "client_offline_session_max_lifespan": "",
            "client_secret": "",
            "client_session_idle_timeout": "",
            "client_session_max_lifespan": "",
            "consent_required": false,
            "description": "",
            "direct_access_grants_enabled": true,
            "enabled": true,
            "exclude_session_state_from_auth_response": false,
            "extra_config": null,
            "full_scope_allowed": true,
            "id": "a3b4b4b5-d62d-4f92-b2b9-ad545dcb527f",
            "implicit_flow_enabled": false,
            "login_theme": "",
            "name": "example-react-fe",
            "pkce_code_challenge_method": null,
            "realm_id": "wealth-bank",
            "resource_server_id": null,
            "root_url": "",
            "service_account_user_id": "",
            "service_accounts_enabled": false,
            "standard_flow_enabled": true,
            "use_refresh_tokens": true,
            "valid_redirect_uris": [
              "*"
            ],
            "web_origins": [
              "*"
            ]
          },
          "sensitive_attributes": [],
          "private": "bnVsbA==",
          "dependencies": [
            "keycloak_realm.realm"
          ]
        }
      ]
    },
    {
      "mode": "managed",
      "type": "keycloak_openid_client",
      "name": "fe_api_client",
      "provider": "provider[\"registry.terraform.io/mrparkers/keycloak\"]",
      "instances": [
        {
          "schema_version": 0,
          "attributes": {
            "access_token_lifespan": "",
            "access_type": "CONFIDENTIAL",
            "admin_url": "",
            "authentication_flow_binding_overrides": [],
            "authorization": [
              {
                "allow_remote_resource_management": false,
                "decision_strategy": "UNANIMOUS",
                "keep_defaults": false,
                "policy_enforcement_mode": "PERMISSIVE"
              }
            ],
            "backchannel_logout_revoke_offline_sessions": false,
            "backchannel_logout_session_required": true,
            "backchannel_logout_url": "",
            "base_url": "http://localhost:3001",
            "client_id": "fe-api",
            "client_offline_session_idle_timeout": "",
            "client_offline_session_max_lifespan": "",
            "client_secret": "93bf5318-0f3d-4f51-a68c-7d8cb216361e",
            "client_session_idle_timeout": "",
            "client_session_max_lifespan": "",
            "consent_required": false,
            "description": "",
            "direct_access_grants_enabled": false,
            "enabled": true,
            "exclude_session_state_from_auth_response": false,
            "extra_config": null,
            "full_scope_allowed": true,
            "id": "72efd1b6-c218-4698-b24f-4f2e31a8f3d0",
            "implicit_flow_enabled": false,
            "login_theme": "",
            "name": "fe-api",
            "pkce_code_challenge_method": null,
            "realm_id": "wealth-bank",
            "resource_server_id": "72efd1b6-c218-4698-b24f-4f2e31a8f3d0",
            "root_url": "",
            "service_account_user_id": "d448fe24-1188-45e2-bec6-a92ffc443384",
            "service_accounts_enabled": true,
            "standard_flow_enabled": false,
            "use_refresh_tokens": true,
            "valid_redirect_uris": null,
            "web_origins": null
          },
          "sensitive_attributes": [],
          "private": "bnVsbA==",
          "dependencies": [
            "keycloak_realm.realm"
          ]
        }
      ]
    },
    {
      "mode": "managed",
      "type": "keycloak_realm",
      "name": "realm",
      "provider": "provider[\"registry.terraform.io/mrparkers/keycloak\"]",
      "instances": [
        {
          "schema_version": 0,
          "attributes": {
            "access_code_lifespan": "1h0m0s",
            "access_code_lifespan_login": "30m0s",
            "access_code_lifespan_user_action": "5m0s",
            "access_token_lifespan": "5m0s",
            "access_token_lifespan_for_implicit_flow": "15m0s",
            "account_theme": "keycloak",
            "action_token_generated_by_admin_lifespan": "12h0m0s",
            "action_token_generated_by_user_lifespan": "5m0s",
            "admin_theme": "keycloak",
            "attributes": null,
            "browser_flow": "browser",
            "client_authentication_flow": "clients",
            "default_default_client_scopes": null,
            "default_optional_client_scopes": null,
            "default_signature_algorithm": "RS256",
            "direct_grant_flow": "direct grant",
            "display_name": "Wealth Bank",
            "display_name_html": "\u003cb\u003eWealth Bank\u003c/b\u003e",
            "docker_authentication_flow": "docker auth",
            "duplicate_emails_allowed": false,
            "edit_username_allowed": false,
            "email_theme": "base",
            "enabled": true,
            "id": "wealth-bank",
            "internal_id": "wealth-bank",
            "internationalization": [
              {
                "default_locale": "en",
                "supported_locales": [
                  "en"
                ]
              }
            ],
            "login_theme": "keycloak",
            "login_with_email_allowed": true,
            "offline_session_idle_timeout": "720h0m0s",
            "offline_session_max_lifespan": "1440h0m0s",
            "offline_session_max_lifespan_enabled": false,
            "otp_policy": [
              {
                "algorithm": "HmacSHA1",
                "digits": 6,
                "initial_counter": 0,
                "look_ahead_window": 1,
                "period": 30,
                "type": "totp"
              }
            ],
            "password_policy": "upperCase(1) and length(8) and forceExpiredPasswordChange(365) and notUsername",
            "realm": "wealth-bank",
            "refresh_token_max_reuse": 0,
            "registration_allowed": true,
            "registration_email_as_username": true,
            "registration_flow": "registration",
            "remember_me": true,
            "reset_credentials_flow": "reset credentials",
            "reset_password_allowed": true,
            "revoke_refresh_token": false,
            "security_defenses": [
              {
                "brute_force_detection": [
                  {
                    "failure_reset_time_seconds": 43200,
                    "max_failure_wait_seconds": 900,
                    "max_login_failures": 5,
                    "minimum_quick_login_wait_seconds": 60,
                    "permanent_lockout": false,
                    "quick_login_check_milli_seconds": 1000,
                    "wait_increment_seconds": 60
                  }
                ],
                "headers": [
                  {
                    "content_security_policy": "frame-src 'self'; frame-ancestors 'self'; object-src 'none';",
                    "content_security_policy_report_only": "",
                    "strict_transport_security": "max-age=31536000; includeSubDomains",
                    "x_content_type_options": "nosniff",
                    "x_frame_options": "SAMEORIGIN",
                    "x_robots_tag": "none",
                    "x_xss_protection": "1; mode=block"
                  }
                ]
              }
            ],
            "smtp_server": [],
            "ssl_required": "external",
            "sso_session_idle_timeout": "30m0s",
            "sso_session_idle_timeout_remember_me": "0s",
            "sso_session_max_lifespan": "10h0m0s",
            "sso_session_max_lifespan_remember_me": "0s",
            "user_managed_access": false,
            "verify_email": false,
            "web_authn_passwordless_policy": [
              {
                "acceptable_aaguids": [],
                "attestation_conveyance_preference": "not specified",
                "authenticator_attachment": "not specified",
                "avoid_same_authenticator_register": false,
                "create_timeout": 0,
                "relying_party_entity_name": "keycloak",
                "relying_party_id": "",
                "require_resident_key": "not specified",
                "signature_algorithms": [
                  "ES256"
                ],
                "user_verification_requirement": "not specified"
              }
            ],
            "web_authn_policy": [
              {
                "acceptable_aaguids": [],
                "attestation_conveyance_preference": "not specified",
                "authenticator_attachment": "not specified",
                "avoid_same_authenticator_register": false,
                "create_timeout": 0,
                "relying_party_entity_name": "keycloak",
                "relying_party_id": "",
                "require_resident_key": "not specified",
                "signature_algorithms": [
                  "ES256"
                ],
                "user_verification_requirement": "not specified"
              }
            ]
          },
          "sensitive_attributes": [],
          "private": "bnVsbA=="
        }
      ]
    },
    {
      "mode": "managed",
      "type": "keycloak_role",
      "name": "example_react_fe_customer_client_role",
      "provider": "provider[\"registry.terraform.io/mrparkers/keycloak\"]",
      "instances": [
        {
          "schema_version": 0,
          "attributes": {
            "attributes": null,
            "client_id": "a3b4b4b5-d62d-4f92-b2b9-ad545dcb527f",
            "composite_roles": null,
            "description": "Wealth Bank Customer",
            "id": "d5b838c2-02a3-48d0-96a5-deb4315a31f4",
            "name": "customer",
            "realm_id": "wealth-bank"
          },
          "sensitive_attributes": [],
          "private": "bnVsbA==",
          "dependencies": [
            "keycloak_openid_client.example_react_fe_client",
            "keycloak_realm.realm"
          ]
        }
      ]
    },
    {
      "mode": "managed",
      "type": "keycloak_role",
      "name": "example_react_fe_fraud_analyst_client_role",
      "provider": "provider[\"registry.terraform.io/mrparkers/keycloak\"]",
      "instances": [
        {
          "schema_version": 0,
          "attributes": {
            "attributes": null,
            "client_id": "a3b4b4b5-d62d-4f92-b2b9-ad545dcb527f",
            "composite_roles": null,
            "description": "Wealth Bank Fraud Analyst",
            "id": "f0a3a25d-c81e-4dfa-ac76-4f15533bf7e8",
            "name": "fraud-analyst",
            "realm_id": "wealth-bank"
          },
          "sensitive_attributes": [],
          "private": "bnVsbA==",
          "dependencies": [
            "keycloak_openid_client.example_react_fe_client",
            "keycloak_realm.realm"
          ]
        }
      ]
    },
    {
      "mode": "managed",
      "type": "keycloak_role",
      "name": "fe_api_client_customer_client_role",
      "provider": "provider[\"registry.terraform.io/mrparkers/keycloak\"]",
      "instances": [
        {
          "schema_version": 0,
          "attributes": {
            "attributes": null,
            "client_id": "72efd1b6-c218-4698-b24f-4f2e31a8f3d0",
            "composite_roles": null,
            "description": "Wealth Bank Customer",
            "id": "4bfc130a-9a0e-4139-ab93-d784256484a6",
            "name": "customer",
            "realm_id": "wealth-bank"
          },
          "sensitive_attributes": [],
          "private": "bnVsbA==",
          "dependencies": [
            "keycloak_openid_client.fe_api_client",
            "keycloak_realm.realm"
          ]
        }
      ]
    },
    {
      "mode": "managed",
      "type": "keycloak_user",
      "name": "user_alice_with_password",
      "provider": "provider[\"registry.terraform.io/mrparkers/keycloak\"]",
      "instances": [
        {
          "schema_version": 0,
          "attributes": {
            "attributes": null,
            "email": "fraud@domain.com",
            "email_verified": false,
            "enabled": true,
            "federated_identity": [],
            "first_name": "Alice",
            "id": "e7c2ed93-206f-4c7b-b49d-f08c2b67efbf",
            "initial_password": [
              {
                "temporary": false,
                "value": "Password1!"
              }
            ],
            "last_name": "Alison",
            "realm_id": "wealth-bank",
            "username": "fraud@domain.com"
          },
          "sensitive_attributes": [],
          "private": "bnVsbA==",
          "dependencies": [
            "keycloak_realm.realm"
          ]
        }
      ]
    },
    {
      "mode": "managed",
      "type": "keycloak_user",
      "name": "user_bob_with_password",
      "provider": "provider[\"registry.terraform.io/mrparkers/keycloak\"]",
      "instances": [
        {
          "schema_version": 0,
          "attributes": {
            "attributes": null,
            "email": "bob@domain.com",
            "email_verified": false,
            "enabled": true,
            "federated_identity": [],
            "first_name": "Bob",
            "id": "a2838990-b96f-48f2-b450-2011a2794d58",
            "initial_password": [
              {
                "temporary": false,
                "value": "Password1!"
              }
            ],
            "last_name": "Bobson",
            "realm_id": "wealth-bank",
            "username": "bob@domain.com"
          },
          "sensitive_attributes": [],
          "private": "bnVsbA==",
          "dependencies": [
            "keycloak_realm.realm"
          ]
        }
      ]
    },
    {
      "mode": "managed",
      "type": "keycloak_user_roles",
      "name": "user_alice_roles",
      "provider": "provider[\"registry.terraform.io/mrparkers/keycloak\"]",
      "instances": [
        {
          "schema_version": 0,
          "attributes": {
            "exhaustive": true,
            "id": "wealth-bank/e7c2ed93-206f-4c7b-b49d-f08c2b67efbf",
            "realm_id": "wealth-bank",
            "role_ids": [
              "0cd8d21e-ae87-412c-afda-751fda8b89e7",
              "f0a3a25d-c81e-4dfa-ac76-4f15533bf7e8"
            ],
            "user_id": "e7c2ed93-206f-4c7b-b49d-f08c2b67efbf"
          },
          "sensitive_attributes": [],
          "private": "bnVsbA==",
          "dependencies": [
            "data.keycloak_role.default_realm_role",
            "keycloak_openid_client.example_react_fe_client",
            "keycloak_realm.realm",
            "keycloak_role.example_react_fe_fraud_analyst_client_role",
            "keycloak_user.user_alice_with_password"
          ]
        }
      ]
    },
    {
      "mode": "managed",
      "type": "keycloak_user_roles",
      "name": "user_bob_roles",
      "provider": "provider[\"registry.terraform.io/mrparkers/keycloak\"]",
      "instances": [
        {
          "schema_version": 0,
          "attributes": {
            "exhaustive": true,
            "id": "wealth-bank/a2838990-b96f-48f2-b450-2011a2794d58",
            "realm_id": "wealth-bank",
            "role_ids": [
              "0cd8d21e-ae87-412c-afda-751fda8b89e7",
              "d5b838c2-02a3-48d0-96a5-deb4315a31f4"
            ],
            "user_id": "a2838990-b96f-48f2-b450-2011a2794d58"
          },
          "sensitive_attributes": [],
          "private": "bnVsbA==",
          "dependencies": [
            "data.keycloak_role.default_realm_role",
            "keycloak_openid_client.example_react_fe_client",
            "keycloak_realm.realm",
            "keycloak_role.example_react_fe_customer_client_role",
            "keycloak_user.user_bob_with_password"
          ]
        }
      ]
    }
  ]
}
